
Microsoft Visual Studio Solution File, Format Version 12.00
# Visual Studio Version 17
VisualStudioVersion = 17.4.33122.133
MinimumVisualStudioVersion = 10.0.40219.1
Project("{FAE04EC0-301F-11D3-BF4B-00C04F79EFBC}") = "darsKIDT2201", "darsKIDT2201\darsKIDT2201.csproj", "{9CC2126D-934E-46C8-B32C-C3D721357BC7}"
EndProject
Global
	GlobalSection(SolutionConfigurationPlatforms) = preSolution
		Debug|Any CPU = Debug|Any CPU
		Release|Any CPU = Release|Any CPU
	EndGlobalSection
	GlobalSection(ProjectConfigurationPlatforms) = postSolution
		{9CC2126D-934E-46C8-B32C-C3D721357BC7}.Debug|Any CPU.ActiveCfg = Debug|Any CPU
		{9CC2126D-934E-46C8-B32C-C3D721357BC7}.Debug|Any CPU.Build.0 = Debug|Any CPU
		{9CC2126D-934E-46C8-B32C-C3D721357BC7}.Release|Any CPU.ActiveCfg = Release|Any CPU
		{9CC2126D-934E-46C8-B32C-C3D721357BC7}.Release|Any CPU.Build.0 = Release|Any CPU
	EndGlobalSection
	GlobalSection(SolutionProperties) = preSolution
		HideSolutionNode = FALSE
	EndGlobalSection
	GlobalSection(ExtensibilityGlobals) = postSolution
		SolutionGuid = {31116F2D-7F3F-4FA1-9FDE-86ED5807BC8B}
	EndGlobalSection
EndGlobal
